
Microsoft Visual Studio Solution File, Format Version 12.00
# Visual Studio Version 17
VisualStudioVersion = 17.0.31919.166
MinimumVisualStudioVersion = 10.0.40219.1
Project("{9A19103F-16F7-4668-BE54-9A1E7A4F7556}") = "Node", "Node\Node.csproj", "{19A72F01-9611-47A7-9A2E-94E893C3F7BA}"
EndProject
Project("{FAE04EC0-301F-11D3-BF4B-00C04F79EFBC}") = "ClientAppSimulator", "ClientAppSimulator\ClientAppSimulator.csproj", "{F1108CA4-88D4-4CF0-A560-F4DF7F1334DA}"
EndProject
Global
	GlobalSection(SolutionConfigurationPlatforms) = preSolution
		Debug|Any CPU = Debug|Any CPU
		Release|Any CPU = Release|Any CPU
	EndGlobalSection
	GlobalSection(ProjectConfigurationPlatforms) = postSolution
		{19A72F01-9611-47A7-9A2E-94E893C3F7BA}.Debug|Any CPU.ActiveCfg = Debug|Any CPU
		{19A72F01-9611-47A7-9A2E-94E893C3F7BA}.Debug|Any CPU.Build.0 = Debug|Any CPU
		{19A72F01-9611-47A7-9A2E-94E893C3F7BA}.Release|Any CPU.ActiveCfg = Release|Any CPU
		{19A72F01-9611-47A7-9A2E-94E893C3F7BA}.Release|Any CPU.Build.0 = Release|Any CPU
		{F1108CA4-88D4-4CF0-A560-F4DF7F1334DA}.Debug|Any CPU.ActiveCfg = Debug|Any CPU
		{F1108CA4-88D4-4CF0-A560-F4DF7F1334DA}.Debug|Any CPU.Build.0 = Debug|Any CPU
		{F1108CA4-88D4-4CF0-A560-F4DF7F1334DA}.Release|Any CPU.ActiveCfg = Release|Any CPU
		{F1108CA4-88D4-4CF0-A560-F4DF7F1334DA}.Release|Any CPU.Build.0 = Release|Any CPU
	EndGlobalSection
	GlobalSection(SolutionProperties) = preSolution
		HideSolutionNode = FALSE
	EndGlobalSection
	GlobalSection(ExtensibilityGlobals) = postSolution
		SolutionGuid = {1CE3E464-E1DF-49B7-AE3E-CA484AB0A832}
	EndGlobalSection
EndGlobal
